version = 1
revision = 3
requires-python = ">=3.13"

[[package]]
name = "colorama"
version = "0.4.6"
source = { registry = "https://pypi.org/simple" }
sdist = { url = "https://files.pythonhosted.org/packages/d8/53/6f443c9a4a8358a93a6792e2acffb9d9d5cb0a5cfd8802644b7b1c9a02e4/colorama-0.4.6.tar.gz", hash = "sha256:08695f5cb7ed6e0531a20572697297273c47b8cae5a63ffc6d6ed5c201be6e44", size = 27697, upload-time = "2022-10-25T02:36:22.414Z" }
wheels = [
    { url = "https://files.pythonhosted.org/packages/d1/d6/3965ed04c63042e047cb6a3e6ed1a63a35087b6a609aa3a15ed8ac56c221/colorama-0.4.6-py2.py3-none-any.whl", hash = "sha256:4f1d9991f5acc0ca119f9d443620b77f9d6b33703e51011c16baf57afb285fc6", size = 25335, upload-time = "2022-10-25T02:36:20.889Z" },
]

[[package]]
name = "iniconfig"
version = "2.3.0"
source = { registry = "https://pypi.org/simple" }
sdist = { url = "https://files.pythonhosted.org/packages/72/34/14ca021ce8e5dfedc35312d08ba8bf51fdd999c576889fc2c24cb97f4f10/iniconfig-2.3.0.tar.gz", hash = "sha256:c76315c77db068650d49c5b56314774a7804df16fee4402c1f19d6d15d8c4730", size = 20503, upload-time = "2025-10-18T21:55:43.219Z" }
wheels = [
    { url = "https://files.pythonhosted.org/packages/cb/b1/3846dd7f199d53cb17f49cba7e651e9ce294d8497c8c150530ed11865bb8/iniconfig-2.3.0-py3-none-any.whl", hash = "sha256:f631c04d2c48c52b84d0d0549c99ff3859c98df65b3101406327ecc7d53fbf12", size = 7484, upload-time = "2025-10-18T21:55:41.639Z" },
]

[[package]]
name = "packaging"
version = "26.3"
source = { registry = "https://pypi.org/simple" }
sdist = { url = "https://files.pythonhosted.org/packages/7d/fa/3944b40b07da9ce895c0e6303a5ab7d53da063554f534556b134a54d6093/packaging-26.3.tar.gz", hash = "sha256:94edc256424af38762eb31306eed28beb9f0efc50a8837492c9d6fd6004aed79", size = 313412, upload-time = "2026-08-04T18:15:28.737Z" }
wheels = [
    { url = "https://files.pythonhosted.org/packages/63/34/ba1c580383c9eada3711951fef0795c80b829a078d72188184bcab9dd527/packaging-26.3-py3-none-any.whl", hash = "sha256:d7193f7c8e4e93f444fde0262bf90af30e16fa0ad0ad44cb553c87339b23cd1c", size = 129956, upload-time = "2026-08-04T18:15:27.159Z" },
]

[[package]]
name = "pluggy"
version = "1.6.0"
source = { registry = "https://pypi.org/simple" }
sdist = { url = "https://files.pythonhosted.org/packages/f9/e2/3e91f31a7d2b083fe6ef3fa267035b518369d9511ffab804f839851d2779/pluggy-1.6.0.tar.gz", hash = "sha256:7dcc130b76258d33b90f61b658791dede3486c3e6bfb003ee5c9bfb396dd22f3", size = 69412, upload-time = "2025-05-15T12:30:07.975Z" }
wheels = [
    { url = "https://files.pythonhosted.org/packages/54/20/4d324d65cc6d9205fabedc306948156824eb9f0ee1633355a8f7ec5c66bf/pluggy-1.6.0-py3-none-any.whl", hash = "sha256:e920276dd6813095e9377c0bc5566d94c932c33b27a3e3945d8389c374dd4746", size = 20538, upload-time = "2025-05-15T12:30:06.134Z" },
]

[[package]]
name = "pygments"
version = "2.21.0"
source = { registry = "https://pypi.org/simple" }
sdist = { url = "https://files.pythonhosted.org/packages/49/2e/ced460408999b33da6b31b0021b0f37d329e202d4169aeb164493778f25b/pygments-2.21.0.tar.gz", hash = "sha256:610ca751c9bc2492b38eb9a38a7fbc93edbbb2d7182edaf34e66ae493dee5c8c", size = 5005329, upload-time = "2026-08-17T08:02:48.824Z" }
wheels = [
    { url = "https://files.pythonhosted.org/packages/71/46/17f022dd3e953bf20a04a028a21ec746d942f8d2af30fa0f124fa0e6a684/pygments-2.21.0-py3-none-any.whl", hash = "sha256:2363c69b61c4a97c838da3b130dcd6468f4848992b21a82f2a63ec34377137d9", size = 1250147, upload-time = "2026-08-17T08:02:44.912Z" },
]

[[package]]
name = "pytest"
version = "9.1.1"
source = { registry = "https://pypi.org/simple" }
dependencies = [
    { name = "colorama", marker = "sys_platform == 'win32'" },
    { name = "iniconfig" },
    { name = "packaging" },
    { name = "pluggy" },
    { name = "pygments" },
]
sdist = { url = "https://files.pythonhosted.org/packages/e4/47/b9efed96c114afcfa3c9d3fe98a76a1d14c74a9e266d397cf6eb64be5e01/pytest-9.1.1.tar.gz", hash = "sha256:1088fbde8f2b49d95a549a195707afa7a76a3ce9bcadc26b6d71f0ffda5fe313", size = 1636369, upload-time = "2026-06-19T10:58:32.857Z" }
wheels = [
    { url = "https://files.pythonhosted.org/packages/24/25/1de2678b631f5a49215c6c96fff41ba892b0a34df68d6d80292b1b48aa7f/pytest-9.1.1-py3-none-any.whl", hash = "sha256:37a86b45efb9a47a61a36449063e8e18d0cab3161329fc099eb21783169c4f0c", size = 386536, upload-time = "2026-06-19T10:58:31.347Z" },
]

[[package]]
name = "ruff"
version = "0.16.5"
source = { registry = "https://pypi.org/simple" }
sdist = { url = "https://files.pythonhosted.org/packages/f3/85/c8e12473c93018f92d19dd988a294202e1c27426c47ec4de53ffb847b8d8/ruff-0.16.5.tar.gz", hash = "sha256:1b88500f9ffbcab3dedb0082c9f9492e91ec3d618aac1236a3e0189938f7040b", size = 4912003, upload-time = "2026-08-27T16:34:18.258Z" }
wheels = [
    { url = "https://files.pythonhosted.org/packages/c6/b6/77c90a970fe2dae17a723acbd011043ea97c98d7deacccefdc4ba74ec512/ruff-0.16.5-py3-none-linux_armv6l.whl", hash = "sha256:12e5f673e774c35fbb62f288809c7653b73445f8ecec6b6063fd6ea3521aa14b", size = 10011941, upload-time = "2026-08-27T16:33:41.287Z" },
    { url = "https://files.pythonhosted.org/packages/4b/46/6cf67cf6411885a1d6f7f6d801682f155536a85176d10b605e2ceffed8bd/ruff-0.16.5-py3-none-macosx_10_12_x86_64.whl", hash = "sha256:eda58a5802de40e7ed5b32b64e0b32539338cc6fcd2c78f61e3ad6a0d79f51c3", size = 10204049, upload-time = "2026-08-27T16:33:44.056Z" },
    { url = "https://files.pythonhosted.org/packages/46/fd/c8720ca7a090abf0c2fef4abe8a5ef6e5127ed15196d8886ff75a2b370e2/ruff-0.16.5-py3-none-macosx_11_0_arm64.whl", hash = "sha256:c5ae9a7b9a8875131f40f8fe967cc86abf899779efd663cb7ce3d572d01da7eb", size = 9809037, upload-time = "2026-08-27T16:33:46.257Z" },
    { url = "https://files.pythonhosted.org/packages/43/45/a684caacdedaca180f52bacccc40bf0789d2c5a7c75f25324853e9eaedb5/ruff-0.16.5-py3-none-manylinux_2_17_aarch64.manylinux2014_aarch64.whl", hash = "sha256:7b719b0a1f4d59710d283ab2965f621684a108a9e41da622e3b23f0326cd0025", size = 9964129, upload-time = "2026-08-27T16:33:48.352Z" },
    { url = "https://files.pythonhosted.org/packages/9e/f2/5d2bcdaca6b5b93d1b4dfc166cd2aebf7680143a1b38a28759df13a94d31/ruff-0.16.5-py3-none-manylinux_2_17_armv7l.manylinux2014_armv7l.whl", hash = "sha256:2298f2780ed1be0c5cb1361e32ab7b1467f3cce7dabe101d2210a314f2fe42e9", size = 9821518, upload-time = "2026-08-27T16:33:50.57Z" },
    { url = "https://files.pythonhosted.org/packages/aa/ff/011cce29accf9257d5974145b733fc653a37985ed6825413a3987cefbfe0/ruff-0.16.5-py3-none-manylinux_2_17_i686.manylinux2014_i686.whl", hash = "sha256:258f29035a2dd021e7861e631b227a5b3f14e50c1184c9a6a122c5f4576154d7", size = 10534835, upload-time = "2026-08-27T16:33:52.522Z" },
    { url = "https://files.pythonhosted.org/packages/d7/5a/f0cf109bada9bba0e96c90c21c9f9251803f57225c32d293327a03c710d6/ruff-0.16.5-py3-none-manylinux_2_17_ppc64le.manylinux2014_ppc64le.whl", hash = "sha256:b9a4f0432966834019c74d1b7e5c51224305d7713f3d7faf3e7451f1a3be3cde", size = 11252550, upload-time = "2026-08-27T16:33:54.521Z" },
    { url = "https://files.pythonhosted.org/packages/63/4d/1d481aaea2046c6a7ed7c291f9004c669cce3c087b6b376ed5b08271e3fe/ruff-0.16.5-py3-none-manylinux_2_17_s390x.manylinux2014_s390x.whl", hash = "sha256:b5eb3a8c3d0ade9cea42b591fd530368e8798380e30e0a308b85a5cf718f09ea", size = 10777949, upload-time = "2026-08-27T16:33:56.88Z" },
    { url = "https://files.pythonhosted.org/packages/ee/34/ee245ca55f64443233034b3d02b03236b19242004281247c079390b7facd/ruff-0.16.5-py3-none-manylinux_2_17_x86_64.manylinux2014_x86_64.whl", hash = "sha256:ef0f69e191a13a3c9816f63163c88790cb12cd157bbbb384e9c44745702ab105", size = 10311656, upload-time = "2026-08-27T16:33:59.12Z" },
    { url = "https://files.pythonhosted.org/packages/a7/4d/c33a333e341c0a2b96c715b52d89a606f5a34cd4ac493cd9b8d0187186b8/ruff-0.16.5-py3-none-manylinux_2_31_riscv64.whl", hash = "sha256:0eeab41fbea2c42f98dfb9822cdccda9d24ba38d49f6dc945b5c236d48f0ef29", size = 10532125, upload-time = "2026-08-27T16:34:01.166Z" },
    { url = "https://files.pythonhosted.org/packages/30/e1/a64cef78b40192497bb98a27a8aa8f2c98ee9ee15bc97f7712d94ef32937/ruff-0.16.5-py3-none-musllinux_1_2_aarch64.whl", hash = "sha256:f0768e9df4300713fff30733c87575f68b6f1d8de41184e505b7fdd9c0c95eaf", size = 10097648, upload-time = "2026-08-27T16:34:03.16Z" },
    { url = "https://files.pythonhosted.org/packages/cc/4e/4cdc9ed3c3e109d2f71e62572a37457298d7bc7501ec3138babb7ed32bbd/ruff-0.16.5-py3-none-musllinux_1_2_armv7l.whl", hash = "sha256:95cc70cdc7aa80c338de356279d2adbeb2de0f520b9ecd8aba75b94e95e02f91", size = 9829344, upload-time = "2026-08-27T16:34:05.134Z" },
    { url = "https://files.pythonhosted.org/packages/39/4a/31ed35ce31729955fc583ee0d176d6e784c1290cb0b0a75cb2134c1ab72a/ruff-0.16.5-py3-none-musllinux_1_2_i686.whl", hash = "sha256:d185c8398ded1bfd91c0c2cb258346307571eccc473a8490af8c3977399c384a", size = 10277117, upload-time = "2026-08-27T16:34:07.425Z" },
    { url = "https://files.pythonhosted.org/packages/a8/a0/60356d86687b4b666d593df213f4dc3041750d024cb7bf2cfa81cfd65c2e/ruff-0.16.5-py3-none-musllinux_1_2_x86_64.whl", hash = "sha256:fb8e3a3c4c6a784150a7ced53b015f4b253fc2bf97a610886419ead64b4756ef", size = 10711653, upload-time = "2026-08-27T16:34:09.712Z" },
    { url = "https://files.pythonhosted.org/packages/ed/20/656d67f5b25ca9bda4e02b1de25867b2954e1d19e03648060f167ad0f4cc/ruff-0.16.5-py3-none-win32.whl", hash = "sha256:288b0a5f080492fe5635db849f9e2e84aa3cce7b7f0e955997d416c507c76a26", size = 10034250, upload-time = "2026-08-27T16:34:11.8Z" },
    { url = "https://files.pythonhosted.org/packages/5b/42/ee8e68a207b9127fcde6c3d7e197def432f346cb1af159e1fa14ca0d1cdc/ruff-0.16.5-py3-none-win_amd64.whl", hash = "sha256:ddc6385fb2137f616357ca03d6c74f4be987f80fed4008566b754f6032b8546f", size = 10516714, upload-time = "2026-08-27T16:34:13.963Z" },
    { url = "https://files.pythonhosted.org/packages/73/e3/7df5a396e445b9ba49ce9a9437439a4d80042c61c0ade199abf8d16de1ac/ruff-0.16.5-py3-none-win_arm64.whl", hash = "sha256:a64abe90968719b851bb7cedffaa8753fbdbdadab483089682db623f3edc587e", size = 10391564, upload-time = "2026-08-27T16:34:16.064Z" },
]

[[package]]
name = "tree-sitter"
version = "0.26.0"
source = { registry = "https://pypi.org/simple" }
sdist = { url = "https://files.pythonhosted.org/packages/f7/03/5600b84aff2e6c4fe80cfebb4063fe2f50299521befe5f6092ab8c082f4a/tree_sitter-0.26.0.tar.gz", hash = "sha256:b40c219edccc4564530c96f8f1556f6202b37cda964d1cbd7bd2b7e68b40a245", size = 191423, upload-time = "2026-06-30T12:14:27.933Z" }
wheels = [
    { url = "https://files.pythonhosted.org/packages/cb/b0/465257cf8f972ad9f9812ec1cbaa8ec210ebebb601ade9a15881aa2436b4/tree_sitter-0.26.0-cp313-cp313-macosx_10_13_x86_64.whl", hash = "sha256:ed0889dbed843ce45ede9f5169c0b2dea2222f12685844a03fadb81f12705867", size = 148893, upload-time = "2026-06-30T12:14:10.541Z" },
    { url = "https://files.pythonhosted.org/packages/a1/ec/19d093e854b45e807fecfdd26105c266f43aeecc39c4dc97992a7074ad5a/tree_sitter-0.26.0-cp313-cp313-macosx_11_0_arm64.whl", hash = "sha256:6189c6c340c7384357711e3d92645e96bfb79f7a502f86de1ebdb23eb43f7dab", size = 140829, upload-time = "2026-06-30T12:14:11.626Z" },
    { url = "https://files.pythonhosted.org/packages/9b/ee/87e74671ed63a837e7a1f17ab94aa3913871e033b27523d8e7b83d6f7ad0/tree_sitter-0.26.0-cp313-cp313-manylinux2014_aarch64.manylinux_2_17_aarch64.manylinux_2_28_aarch64.whl", hash = "sha256:8ff2e0750b7daa722302838356d7b65e303829b7eb73c915df127ddba115e1d1", size = 639334, upload-time = "2026-06-30T12:14:12.836Z" },
    { url = "https://files.pythonhosted.org/packages/66/e7/f7e04cd9dff6b6ac0adf23922796fbc76accd4cf4bcda50542748d485679/tree_sitter-0.26.0-cp313-cp313-manylinux2014_x86_64.manylinux_2_17_x86_64.manylinux_2_28_x86_64.whl", hash = "sha256:7075ef857ef86f327dbb72d1e2574dda78db5754b3a1fca6506acd7fe5d561a7", size = 668102, upload-time = "2026-06-30T12:14:14.035Z" },
    { url = "https://files.pythonhosted.org/packages/d3/90/0bfb16b7894fea728c774a89d5af421a9368a2f913bbd4e8dcab7caaecfb/tree_sitter-0.26.0-cp313-cp313-manylinux_2_31_riscv64.manylinux_2_39_riscv64.whl", hash = "sha256:26c996c1edfee86e977bb3f5462e74fcec0d0b0db1e85a3c475875763caa03be", size = 648560, upload-time = "2026-06-30T12:14:15.302Z" },
    { url = "https://files.pythonhosted.org/packages/cd/e6/0fe05ba396e9623b0ae40ccf34171336b8701ec8d7bd0ee9f5224d638665/tree_sitter-0.26.0-cp313-cp313-musllinux_1_2_x86_64.whl", hash = "sha256:00289bfe7978f3e0dc0ce69813a20fa9f44ea4c100b3ec62043e5eb74ccfc3a2", size = 665121, upload-time = "2026-06-30T12:14:16.403Z" },
    { url = "https://files.pythonhosted.org/packages/eb/d2/a944b1ca35bed6068dc84a9967aaf3049d8cc0b7a36179eea8787270a6ab/tree_sitter-0.26.0-cp313-cp313-win_amd64.whl", hash = "sha256:93e220cab7e6a823efeb2046c49171427de92ef71c7c681c01820d14d8d3721f", size = 129615, upload-time = "2026-06-30T12:14:17.463Z" },
    { url = "https://files.pythonhosted.org/packages/09/ef/c7ca48293580d2249f36940c4eed5b4ddeb9ce75baf9a4ef30621987e0c7/tree_sitter-0.26.0-cp313-cp313-win_arm64.whl", hash = "sha256:b31a8195d2f224224c530ac814632d98c1dcc123d227442c07c736e86b70d564", size = 116525, upload-time = "2026-06-30T12:14:18.53Z" },
    { url = "https://files.pythonhosted.org/packages/c5/7a/4d84e6f6ae2c3e757490dd84de251712c31e293dfe31f28da1ec019cefa2/tree_sitter-0.26.0-cp314-cp314-macosx_10_15_x86_64.whl", hash = "sha256:5a3c93a352b7e6f70f73e121bbfa2d0117ba7478bd51114ed35c91b0b78814fa", size = 148901, upload-time = "2026-06-30T12:14:19.452Z" },
    { url = "https://files.pythonhosted.org/packages/b0/d9/efe62ec65dc9d096e834d27b8c058127e2146e42ff3380b822a233f016a6/tree_sitter-0.26.0-cp314-cp314-macosx_11_0_arm64.whl", hash = "sha256:5fc2f41bf246ff2f70a9cc3690be35ec7580a4923151873d898c8bcb1a4503d3", size = 140805, upload-time = "2026-06-30T12:14:20.478Z" },
    { url = "https://files.pythonhosted.org/packages/c4/2c/c82326b7b97e3c485c18679883b16f89e5e913c639d3b219d3da70c9e67e/tree_sitter-0.26.0-cp314-cp314-manylinux2014_aarch64.manylinux_2_17_aarch64.manylinux_2_28_aarch64.whl", hash = "sha256:b8ea92a255c91671a7ec4625aba3ab7bb5220c423630ffbf83c45d7312abe084", size = 640586, upload-time = "2026-06-30T12:14:21.527Z" },
    { url = "https://files.pythonhosted.org/packages/e2/7a/f56e7d8282859452611024c7cbc623bfba5b24b8cb9b8f8bc88c5219fe9a/tree_sitter-0.26.0-cp314-cp314-manylinux2014_x86_64.manylinux_2_17_x86_64.manylinux_2_28_x86_64.whl", hash = "sha256:f665510f0fcf4636fb9696f1f7853bed7a3bd764b7bb0cb8494e619c14ed5a0c", size = 668300, upload-time = "2026-06-30T12:14:22.728Z" },
    { url = "https://files.pythonhosted.org/packages/91/51/240ee81b9d5e9ca0a6cb1528e8605ffa70ab58c89ce126631be96d3e4bae/tree_sitter-0.26.0-cp314-cp314-manylinux_2_31_riscv64.manylinux_2_39_riscv64.whl", hash = "sha256:253df7ab82cc0a9d311cd65f06e9f99fb3eac55996ae9fc94da22f123a861b90", size = 649627, upload-time = "2026-06-30T12:14:23.819Z" },
    { url = "https://files.pythonhosted.org/packages/6a/54/760035cefedf9eb44f0f84c4ac22f1322e73155853e272576ee876336312/tree_sitter-0.26.0-cp314-cp314-musllinux_1_2_x86_64.whl", hash = "sha256:ff80d4833d330a73184a3ac5132abe93c575d2dea31975c6f15c0d21fef238aa", size = 664885, upload-time = "2026-06-30T12:14:25.064Z" },
    { url = "https://files.pythonhosted.org/packages/c9/1b/0b36fe2a984ecedc4ce6aefd5d56447a6626a8e9b595c4e48658510ce8f8/tree_sitter-0.26.0-cp314-cp314-win_amd64.whl", hash = "sha256:a4033fecc8f606c7f2e8b8014d0057b74668a7f0152763606f7bc25c5f9ec64c", size = 132688, upload-time = "2026-06-30T12:14:26.106Z" },
    { url = "https://files.pythonhosted.org/packages/4d/74/ebc041a13fbf40144afdb0d4b447e48e0b4012ca866c63de8b48f801f0c1/tree_sitter-0.26.0-cp314-cp314-win_arm64.whl", hash = "sha256:823251c4b6725a7c03ed497a339135ede7ae4bdde75bb8be7ef5e305aeb4ff52", size = 120287, upload-time = "2026-06-30T12:14:26.991Z" },
]

[[package]]
name = "tree-sitter-rust"
version = "0.24.2"
source = { registry = "https://pypi.org/simple" }
sdist = { url = "https://files.pythonhosted.org/packages/b7/87/75cbd22b927267d310f76cca1ab3c1d9d41035dfa3eb9cc95f96ee199440/tree_sitter_rust-0.24.2.tar.gz", hash = "sha256:54fb02a5911e345308b405174465112479f56dc39e3f1e7744d7568595f00db9", size = 339341, upload-time = "2026-03-27T21:08:55.629Z" }
wheels = [
    { url = "https://files.pythonhosted.org/packages/d0/24/2b2d33af5e27c84a4fde4e8cd2594bb4ab1e1cf48756a9f40dadc84956cc/tree_sitter_rust-0.24.2-cp39-abi3-macosx_10_9_x86_64.whl", hash = "sha256:3620cfd12340efa43082d45df76349ff511893a9c361da2f8d6d51e307020a59", size = 129507, upload-time = "2026-03-27T21:08:47.585Z" },
    { url = "https://files.pythonhosted.org/packages/78/2a/cf39f881a545360b5a86bb1accba1f4acc713daab01fb9edd35b6e84f473/tree_sitter_rust-0.24.2-cp39-abi3-macosx_11_0_arm64.whl", hash = "sha256:01a46622735498493f29f3e628a90de95c96a07bfbeb88996243eb986b1cee36", size = 136812, upload-time = "2026-03-27T21:08:48.761Z" },
    { url = "https://files.pythonhosted.org/packages/ca/45/a051bbd3045a61182dde25b93ae9a33d2677c935b16952283e12eaf46051/tree_sitter_rust-0.24.2-cp39-abi3-manylinux1_x86_64.manylinux_2_28_x86_64.manylinux_2_5_x86_64.whl", hash = "sha256:e033c5a93b57c88e0a835880de39fc802909ff69f57aaff6000211c196ea5190", size = 164706, upload-time = "2026-03-27T21:08:49.605Z" },
    { url = "https://files.pythonhosted.org/packages/b5/f6/a5a146df5c0a5daea3ffcd5d7245775fe7f084357770d5a313dd6245ae78/tree_sitter_rust-0.24.2-cp39-abi3-manylinux2014_aarch64.manylinux_2_17_aarch64.manylinux_2_28_aarch64.whl", hash = "sha256:9d76d1208c3638b871236090759dfc13d478921320653a6c9da5336e7c58f65a", size = 170310, upload-time = "2026-03-27T21:08:50.424Z" },
    { url = "https://files.pythonhosted.org/packages/95/a8/f85b1ca75e01361ca5f92d226593ca4857cea49551b9f6c8fa6fc08ea917/tree_sitter_rust-0.24.2-cp39-abi3-musllinux_1_2_aarch64.whl", hash = "sha256:87930163a462408c49ab62c667e74029bc26b4cc7123dd1bdc7352215786c64a", size = 168668, upload-time = "2026-03-27T21:08:51.404Z" },
    { url = "https://files.pythonhosted.org/packages/a2/e1/3519f866a4679ca36acd9f5a06a779ecb8a92b18887c5546458d521df557/tree_sitter_rust-0.24.2-cp39-abi3-musllinux_1_2_x86_64.whl", hash = "sha256:da2b86099028fd42c6cd32878b7b16b01f8aac0f7b0e98742b7fa6bc3cf09b89", size = 162403, upload-time = "2026-03-27T21:08:52.588Z" },
    { url = "https://files.pythonhosted.org/packages/34/71/7ef609894dbfe5699eb16f7471f9b8af1d958d8ba3e29c238d7607e8cb47/tree_sitter_rust-0.24.2-cp39-abi3-win_amd64.whl", hash = "sha256:4529c125d928882ddfb879fdc6bc0704913261ecc078b6fa7902559e0daf200d", size = 129422, upload-time = "2026-03-27T21:08:54.031Z" },
    { url = "https://files.pythonhosted.org/packages/b9/d8/050a781172745bc345f98abb7c56e72022ea0790f8e793de981c83c2ef15/tree_sitter_rust-0.24.2-cp39-abi3-win_arm64.whl", hash = "sha256:66ba90f61bd54f4c4f5d30434957daf64507c16b0313df76becb37d63f70a227", size = 128245, upload-time = "2026-03-27T21:08:54.803Z" },
]

[[package]]
name = "ty"
version = "0.0.77"
source = { registry = "https://pypi.org/simple" }
sdist = { url = "https://files.pythonhosted.org/packages/bb/ef/a2024d1d33d5ba8436677a6fd734f87a137150aba99906fc009f7c5de956/ty-0.0.77.tar.gz", hash = "sha256:8898f3097610f4a772ead6bfad7b204c7d76e8eb3a010c7285b9186278e0fb82", size = 7005734, upload-time = "2026-09-01T00:26:26.901Z" }
wheels = [
    { url = "https://files.pythonhosted.org/packages/48/03/930f7454a6d797abc09aebbf537017825ebb08d9f8c2e2d905e74341dbb1/ty-0.0.77-py3-none-linux_armv6l.whl", hash = "sha256:ea76012f1ed387b6fc6500894fb8a7654b724c38713e263a23f12756f00e2469", size = 13241626, upload-time = "2026-09-01T00:25:51.02Z" },
    { url = "https://files.pythonhosted.org/packages/65/41/7e064045775718673851f6c0e1cfde70d6e380b0db9d91d4484a362f2d67/ty-0.0.77-py3-none-macosx_10_12_x86_64.whl", hash = "sha256:237a58c389e01d65c4693e0394feb0f0adea3fba0345c3b932d209084372f3d3", size = 12830037, upload-time = "2026-09-01T00:25:53.172Z" },
    { url = "https://files.pythonhosted.org/packages/5b/64/66f0b0dc89bd239922bdf12fa3e6d066aa7a425e8b70414368c4eb44a6e6/ty-0.0.77-py3-none-macosx_11_0_arm64.whl", hash = "sha256:bbb8ae7a753b9a6af25725c314d0eca967e5fde5eebb7a35b04b0d763dfb9d7c", size = 12612071, upload-time = "2026-09-01T00:25:55.116Z" },
    { url = "https://files.pythonhosted.org/packages/fd/5c/bef8b1f471931a9395792be023613b6cee0ef1449815bf97b18be07f883c/ty-0.0.77-py3-none-manylinux_2_17_aarch64.manylinux2014_aarch64.whl", hash = "sha256:603620c063b718ddbe302f83fb0d7c01a13f1941c3b9763512a89c9bbfabba96", size = 12641403, upload-time = "2026-09-01T00:25:57.305Z" },
    { url = "https://files.pythonhosted.org/packages/43/66/e4d32a0145162f79bc3dd6fca4770f88966c3b5206121ffeecd5f7b05e8b/ty-0.0.77-py3-none-manylinux_2_17_armv7l.manylinux2014_armv7l.whl", hash = "sha256:03f128cb8b204e22a18f4b01ef0194aa445f4edb080cb7d77621cb2ab353885c", size = 13013526, upload-time = "2026-09-01T00:25:59.278Z" },
    { url = "https://files.pythonhosted.org/packages/aa/be/33493ee43d4db7d402ceaee55c5d6c22e2b1105f10b1ac5928c220f79650/ty-0.0.77-py3-none-manylinux_2_17_i686.manylinux2014_i686.whl", hash = "sha256:97d1600ef69fc8e3b2310de1915cd34ba3b712fdc730cb02b713520956baec0a", size = 13828076, upload-time = "2026-09-01T00:26:01.343Z" },
    { url = "https://files.pythonhosted.org/packages/cf/d5/b6335fdc8c09aaaaf6541322076c5a7205fa16c29dbeddc1f24dd89b3894/ty-0.0.77-py3-none-manylinux_2_17_ppc64le.manylinux2014_ppc64le.whl", hash = "sha256:dced0924a83b6d945fd48a29aa85e131fb98dc574f4c9a0e7c43d03eff373402", size = 14247770, upload-time = "2026-09-01T00:26:03.388Z" },
    { url = "https://files.pythonhosted.org/packages/11/64/bbe96c1da26585919ac10f33df1d337d9b498013fc60c5178e76955c2a53/ty-0.0.77-py3-none-manylinux_2_17_s390x.manylinux2014_s390x.whl", hash = "sha256:b14b002233a954115a04932b3a93d75a387569848276cf7bb0b5dc6b040001c4", size = 13926528, upload-time = "2026-09-01T00:26:05.587Z" },
    { url = "https://files.pythonhosted.org/packages/4f/e2/cdc94e9a1b69e9b7dd0ec3ad3ca75741245b8b5b2e3ffe9b365ca31d8052/ty-0.0.77-py3-none-manylinux_2_17_x86_64.manylinux2014_x86_64.whl", hash = "sha256:581adf1ae1e48e00e89ec162913d559ddf75a7805646a13ffd68943c1b5e8daa", size = 13290834, upload-time = "2026-09-01T00:26:07.912Z" },
    { url = "https://files.pythonhosted.org/packages/92/8c/4929dd8e924ddbd6284dcb3cfbda488bd6cb091e5384f8b7fb5dd3de9122/ty-0.0.77-py3-none-manylinux_2_31_riscv64.whl", hash = "sha256:9bda523b40e06c643feb6d5d5bcbacc56a2bd9eed3d7cae1119452502bcd69b0", size = 13829048, upload-time = "2026-09-01T00:26:10.093Z" },
    { url = "https://files.pythonhosted.org/packages/9b/f4/441a74ddc5e2db2690264c1ee0e478d46b8e42bd529472fdb1656b63bff2/ty-0.0.77-py3-none-musllinux_1_2_aarch64.whl", hash = "sha256:4b8b04d8c3af8148e963e950094bd53c8cc4d3a11f5f8764ff8d39627bd6e64a", size = 12803755, upload-time = "2026-09-01T00:26:12.055Z" },
    { url = "https://files.pythonhosted.org/packages/85/39/875bb7092ee1edb090b62eca74b7311f6416dc3aa7da442b4a1f95408251/ty-0.0.77-py3-none-musllinux_1_2_armv7l.whl", hash = "sha256:33a9ff9be488edf4d6fac46c456198cc848d9641f418f1a83aa123825e93c6ec", size = 13028244, upload-time = "2026-09-01T00:26:14.212Z" },
    { url = "https://files.pythonhosted.org/packages/e3/76/4b0a48f118dca6a32e1609f2d0bea2c3f7be9051af645fe5044ca35cbbb4/ty-0.0.77-py3-none-musllinux_1_2_i686.whl", hash = "sha256:61ad5467206e5ea6531c8aebebf1276c6150989a94a1d5974a84d9e0eeed5c38", size = 13321068, upload-time = "2026-09-01T00:26:16.418Z" },
    { url = "https://files.pythonhosted.org/packages/8d/46/cd21bc6441df4b221d9e131551bab2a5f9c0b724e60e1c960622ee175128/ty-0.0.77-py3-none-musllinux_1_2_x86_64.whl", hash = "sha256:1293b94f26d1f330424e3b97c20b434f7e2ac1938287b8588466c75ece6c0b10", size = 13609112, upload-time = "2026-09-01T00:26:18.424Z" },
    { url = "https://files.pythonhosted.org/packages/21/7b/0da4537a7eca4eb3ca72a2cb4539cfbb6fb3138d1dc4ae7a66299b941fb3/ty-0.0.77-py3-none-win32.whl", hash = "sha256:cb71152bdf56860375c790682cc3efc120aaf8e36f1cd6367773312905e82b50", size = 12573821, upload-time = "2026-09-01T00:26:20.404Z" },
    { url = "https://files.pythonhosted.org/packages/96/91/aec75b11bfaa5a358f5a505afa6307fc4bee1c5f4c6444e18fa82c25f3be/ty-0.0.77-py3-none-win_amd64.whl", hash = "sha256:86f01d4af8b006c9442a2de0ab949cc24462f8f9431bebc0b73f6166fbbca19f", size = 13154851, upload-time = "2026-09-01T00:26:22.389Z" },
    { url = "https://files.pythonhosted.org/packages/bf/e5/77772f95ff81bf7c817595cd08b52d007acab90dac0f2339faa486e6a525/ty-0.0.77-py3-none-win_arm64.whl", hash = "sha256:942a3bb2a4786c80bd8ef4503e5024046617cdfcc550b56c1acc4817ce7ac144", size = 12992392, upload-time = "2026-09-01T00:26:24.44Z" },
]

[[package]]
name = "zed-i18n-kit"
version = "0.1.0"
source = { editable = "." }
dependencies = [
    { name = "tree-sitter" },
    { name = "tree-sitter-rust" },
]

[package.dev-dependencies]
dev = [
    { name = "pytest" },
    { name = "ruff" },
    { name = "ty" },
]

[package.metadata]
requires-dist = [
    { name = "tree-sitter", specifier = ">=0.26.0" },
    { name = "tree-sitter-rust", specifier = ">=0.24.2" },
]

[package.metadata.requires-dev]
dev = [
    { name = "pytest", specifier = ">=9.1.1" },
    { name = "ruff", specifier = ">=0.16.5" },
    { name = "ty", specifier = ">=0.0.77" },
]
